{
  "pins" : [
    {
      "identity" : "hypeui",
      "kind" : "remoteSourceControl",
      "location" : "https://github.com/hyperconnect/HypeUI",
      "state" : {
        "revision" : "f485ca4ffd96df345c5ecf6864d0ca8a172dea00",
        "version" : "0.3.0"
      }
    },
    {
      "identity" : "rxswift",
      "kind" : "remoteSourceControl",
      "location" : "https://github.com/ReactiveX/RxSwift.git",
      "state" : {
        "revision" : "b4307ba0b6425c0ba4178e138799946c3da594f8",
        "version" : "6.5.0"
      }
    },
    {
      "identity" : "snapkit",
      "kind" : "remoteSourceControl",
      "location" : "https://github.com/SnapKit/SnapKit.git",
      "state" : {
        "revision" : "f222cbdf325885926566172f6f5f06af95473158",
        "version" : "5.6.0"
      }
    }
  ],
  "version" : 2
}
